
Microsoft Visual Studio Solution File, Format Version 12.00
# Visual Studio Version 17
VisualStudioVersion = 17.7.34024.191
MinimumVisualStudioVersion = 10.0.40219.1
Project("{FAE04EC0-301F-11D3-BF4B-00C04F79EFBC}") = "RomanNumeralDecoder", "RomanNumeralDecoder\RomanNumeralDecoder.csproj", "{45D20D2F-B49C-4268-AA41-9D42D0D0DB17}"
EndProject
Global
	GlobalSection(SolutionConfigurationPlatforms) = preSolution
		Debug|Any CPU = Debug|Any CPU
		Release|Any CPU = Release|Any CPU
	EndGlobalSection
	GlobalSection(ProjectConfigurationPlatforms) = postSolution
		{45D20D2F-B49C-4268-AA41-9D42D0D0DB17}.Debug|Any CPU.ActiveCfg = Debug|Any CPU
		{45D20D2F-B49C-4268-AA41-9D42D0D0DB17}.Debug|Any CPU.Build.0 = Debug|Any CPU
		{45D20D2F-B49C-4268-AA41-9D42D0D0DB17}.Release|Any CPU.ActiveCfg = Release|Any CPU
		{45D20D2F-B49C-4268-AA41-9D42D0D0DB17}.Release|Any CPU.Build.0 = Release|Any CPU
	EndGlobalSection
	GlobalSection(SolutionProperties) = preSolution
		HideSolutionNode = FALSE
	EndGlobalSection
	GlobalSection(ExtensibilityGlobals) = postSolution
		SolutionGuid = {30783AB6-ACC8-4A0D-9178-14A9908E6221}
	EndGlobalSection
EndGlobal
